
Microsoft Visual Studio Solution File, Format Version 12.00
# Visual Studio Version 16
VisualStudioVersion = 16.0.30011.22
MinimumVisualStudioVersion = 10.0.40219.1
Project("{8BC9CEB8-8B4A-11D0-8D11-00A0C91BC942}") = "SaldaniaTp2", "SaldaniaTp2\SaldaniaTp2.vcxproj", "{C21E9D60-7A8A-4D41-A2E8-30F24C583267}"
EndProject
Global
	GlobalSection(SolutionConfigurationPlatforms) = preSolution
		Debug|x64 = Debug|x64
		Debug|x86 = Debug|x86
		Release|x64 = Release|x64
		Release|x86 = Release|x86
	EndGlobalSection
	GlobalSection(ProjectConfigurationPlatforms) = postSolution
		{C21E9D60-7A8A-4D41-A2E8-30F24C583267}.Debug|x64.ActiveCfg = Debug|x64
		{C21E9D60-7A8A-4D41-A2E8-30F24C583267}.Debug|x64.Build.0 = Debug|x64
		{C21E9D60-7A8A-4D41-A2E8-30F24C583267}.Debug|x86.ActiveCfg = Debug|Win32
		{C21E9D60-7A8A-4D41-A2E8-30F24C583267}.Debug|x86.Build.0 = Debug|Win32
		{C21E9D60-7A8A-4D41-A2E8-30F24C583267}.Release|x64.ActiveCfg = Release|x64
		{C21E9D60-7A8A-4D41-A2E8-30F24C583267}.Release|x64.Build.0 = Release|x64
		{C21E9D60-7A8A-4D41-A2E8-30F24C583267}.Release|x86.ActiveCfg = Release|Win32
		{C21E9D60-7A8A-4D41-A2E8-30F24C583267}.Release|x86.Build.0 = Release|Win32
	EndGlobalSection
	GlobalSection(SolutionProperties) = preSolution
		HideSolutionNode = FALSE
	EndGlobalSection
	GlobalSection(ExtensibilityGlobals) = postSolution
		SolutionGuid = {1B3D7FCD-5D45-4E92-BB39-872CC36D0C34}
	EndGlobalSection
EndGlobal
